
Microsoft Visual Studio Solution File, Format Version 12.00
# Visual Studio Version 17
VisualStudioVersion = 17.13.35818.85
MinimumVisualStudioVersion = 10.0.40219.1
Project("{FAE04EC0-301F-11D3-BF4B-00C04F79EFBC}") = "ai-project-deepgram-ai-voice", "ai-project-deepgram-ai-voice\ai-project-deepgram-ai-voice.csproj", "{A4D9521C-F366-4F63-B6A0-C31DB3FE2952}"
EndProject
Project("{FAE04EC0-301F-11D3-BF4B-00C04F79EFBC}") = "ai-project-huggingface-sentimentanalysis", "ai-project-huggingface-sentimentanalysis\ai-project-huggingface-sentimentanalysis.csproj", "{51235722-A6A0-404D-A71D-B675FEFA371A}"
EndProject
Project("{FAE04EC0-301F-11D3-BF4B-00C04F79EFBC}") = "ai-project-huggingface-summarizetext", "ai-project-huggingface-summarizetext\ai-project-huggingface-summarizetext.csproj", "{F21E5072-5789-4621-93C5-1B42F8CDE7E4}"
EndProject
Project("{FAE04EC0-301F-11D3-BF4B-00C04F79EFBC}") = "ai-project-huggingface-namedentityrecognition", "ai-project-huggingface-namedentityrecognition\ai-project-huggingface-namedentityrecognition.csproj", "{F3031ECE-6876-491F-AE45-27446ADF3028}"
EndProject
Project("{FAE04EC0-301F-11D3-BF4B-00C04F79EFBC}") = "ai-project-huggingface-robertabase-qa", "ai-project-huggingface-robertabase-qa\ai-project-huggingface-robertabase-qa.csproj", "{EBCC94AA-5EA9-471B-8BED-EC920FD46A00}"
EndProject
Project("{FAE04EC0-301F-11D3-BF4B-00C04F79EFBC}") = "ai-project-huggingface-toxicbert", "ai-project-huggingface-toxicbert\ai-project-huggingface-toxicbert.csproj", "{465C35CA-A18C-4441-911D-E764CF4D80EE}"
EndProject
Project("{FAE04EC0-301F-11D3-BF4B-00C04F79EFBC}") = "ai-project-anthropicclaudechat", "ai-project-anthropicclaudechat\ai-project-anthropicclaudechat.csproj", "{7371C617-45A9-405B-B0FF-405A21376F0B}"
EndProject
Global
	GlobalSection(SolutionConfigurationPlatforms) = preSolution
		Debug|Any CPU = Debug|Any CPU
		Release|Any CPU = Release|Any CPU
	EndGlobalSection
	GlobalSection(ProjectConfigurationPlatforms) = postSolution
		{A4D9521C-F366-4F63-B6A0-C31DB3FE2952}.Debug|Any CPU.ActiveCfg = Debug|Any CPU
		{A4D9521C-F366-4F63-B6A0-C31DB3FE2952}.Debug|Any CPU.Build.0 = Debug|Any CPU
		{A4D9521C-F366-4F63-B6A0-C31DB3FE2952}.Release|Any CPU.ActiveCfg = Release|Any CPU
		{A4D9521C-F366-4F63-B6A0-C31DB3FE2952}.Release|Any CPU.Build.0 = Release|Any CPU
		{51235722-A6A0-404D-A71D-B675FEFA371A}.Debug|Any CPU.ActiveCfg = Debug|Any CPU
		{51235722-A6A0-404D-A71D-B675FEFA371A}.Debug|Any CPU.Build.0 = Debug|Any CPU
		{51235722-A6A0-404D-A71D-B675FEFA371A}.Release|Any CPU.ActiveCfg = Release|Any CPU
		{51235722-A6A0-404D-A71D-B675FEFA371A}.Release|Any CPU.Build.0 = Release|Any CPU
		{F21E5072-5789-4621-93C5-1B42F8CDE7E4}.Debug|Any CPU.ActiveCfg = Debug|Any CPU
		{F21E5072-5789-4621-93C5-1B42F8CDE7E4}.Debug|Any CPU.Build.0 = Debug|Any CPU
		{F21E5072-5789-4621-93C5-1B42F8CDE7E4}.Release|Any CPU.ActiveCfg = Release|Any CPU
		{F21E5072-5789-4621-93C5-1B42F8CDE7E4}.Release|Any CPU.Build.0 = Release|Any CPU
		{F3031ECE-6876-491F-AE45-27446ADF3028}.Debug|Any CPU.ActiveCfg = Debug|Any CPU
		{F3031ECE-6876-491F-AE45-27446ADF3028}.Debug|Any CPU.Build.0 = Debug|Any CPU
		{F3031ECE-6876-491F-AE45-27446ADF3028}.Release|Any CPU.ActiveCfg = Release|Any CPU
		{F3031ECE-6876-491F-AE45-27446ADF3028}.Release|Any CPU.Build.0 = Release|Any CPU
		{EBCC94AA-5EA9-471B-8BED-EC920FD46A00}.Debug|Any CPU.ActiveCfg = Debug|Any CPU
		{EBCC94AA-5EA9-471B-8BED-EC920FD46A00}.Debug|Any CPU.Build.0 = Debug|Any CPU
		{EBCC94AA-5EA9-471B-8BED-EC920FD46A00}.Release|Any CPU.ActiveCfg = Release|Any CPU
		{EBCC94AA-5EA9-471B-8BED-EC920FD46A00}.Release|Any CPU.Build.0 = Release|Any CPU
		{465C35CA-A18C-4441-911D-E764CF4D80EE}.Debug|Any CPU.ActiveCfg = Debug|Any CPU
		{465C35CA-A18C-4441-911D-E764CF4D80EE}.Debug|Any CPU.Build.0 = Debug|Any CPU
		{465C35CA-A18C-4441-911D-E764CF4D80EE}.Release|Any CPU.ActiveCfg = Release|Any CPU
		{465C35CA-A18C-4441-911D-E764CF4D80EE}.Release|Any CPU.Build.0 = Release|Any CPU
		{7371C617-45A9-405B-B0FF-405A21376F0B}.Debug|Any CPU.ActiveCfg = Debug|Any CPU
		{7371C617-45A9-405B-B0FF-405A21376F0B}.Debug|Any CPU.Build.0 = Debug|Any CPU
		{7371C617-45A9-405B-B0FF-405A21376F0B}.Release|Any CPU.ActiveCfg = Release|Any CPU
		{7371C617-45A9-405B-B0FF-405A21376F0B}.Release|Any CPU.Build.0 = Release|Any CPU
	EndGlobalSection
	GlobalSection(SolutionProperties) = preSolution
		HideSolutionNode = FALSE
	EndGlobalSection
	GlobalSection(ExtensibilityGlobals) = postSolution
		SolutionGuid = {217101B1-17F9-4537-B12D-3CA177245D71}
	EndGlobalSection
EndGlobal
